{
  "requires": true,
  "lockfileVersion": 1,
  "dependencies": {
    "ng-sevenseg": {
      "version": "0.1.2",
      "resolved": "https://registry.npmjs.org/ng-sevenseg/-/ng-sevenseg-0.1.2.tgz",
      "integrity": "sha512-wWa4ANIt3WTNUca93LFaikJYgKhdU/6XFZsFSI7FC0aq0yTds8lYjAhIqYEbnCj7ibAuapP7kA43tD0pJ3ZWXw==",
      "requires": {
        "tslib": "^1.9.0"
      }
    },
    "tslib": {
      "version": "1.14.1",
      "resolved": "https://registry.npmjs.org/tslib/-/tslib-1.14.1.tgz",
      "integrity": "sha512-Xni35NKzjgMrwevysHTCArtLDpPvye8zV/0E4EyYn43P7/7qvQwPh9BGkHewbMulVntbigmcT7rdX3BNo9wRJg=="
    }
  }
}
